
Microsoft Visual Studio Solution File, Format Version 12.00
# Visual Studio Version 17
VisualStudioVersion = 17.1.32414.318
MinimumVisualStudioVersion = 10.0.40219.1
Project("{FAE04EC0-301F-11D3-BF4B-00C04F79EFBC}") = "Dotnet48JsonTest", "Dotnet48JsonTest\Dotnet48JsonTest.csproj", "{2B221353-B816-4EE2-8EC6-20BA3C7DE4AE}"
EndProject
Global
	GlobalSection(SolutionConfigurationPlatforms) = preSolution
		Debug|Any CPU = Debug|Any CPU
		Release|Any CPU = Release|Any CPU
	EndGlobalSection
	GlobalSection(ProjectConfigurationPlatforms) = postSolution
		{2B221353-B816-4EE2-8EC6-20BA3C7DE4AE}.Debug|Any CPU.ActiveCfg = Debug|Any CPU
		{2B221353-B816-4EE2-8EC6-20BA3C7DE4AE}.Debug|Any CPU.Build.0 = Debug|Any CPU
		{2B221353-B816-4EE2-8EC6-20BA3C7DE4AE}.Release|Any CPU.ActiveCfg = Release|Any CPU
		{2B221353-B816-4EE2-8EC6-20BA3C7DE4AE}.Release|Any CPU.Build.0 = Release|Any CPU
	EndGlobalSection
	GlobalSection(SolutionProperties) = preSolution
		HideSolutionNode = FALSE
	EndGlobalSection
	GlobalSection(ExtensibilityGlobals) = postSolution
		SolutionGuid = {0EE22A42-C0AD-4D99-AABC-9B5027C08756}
	EndGlobalSection
EndGlobal
